// !$*UTF8*$!
{
	archiveVersion = 1;
	classes = {
	};
	objectVersion = 56;
	objects = {

/* Begin PBXBuildFile section */
		027AC4DE2A93106A008954E9 /* AppDelegate.swift in Sources */ = {isa = PBXBuildFile; fileRef = 027AC4DD2A93106A008954E9 /* AppDelegate.swift */; };
		027AC4E02A93106A008954E9 /* SceneDelegate.swift in Sources */ = {isa = PBXBuildFile; fileRef = 027AC4DF2A93106A008954E9 /* SceneDelegate.swift */; };
		027AC4E22A93106A008954E9 /* ViewController.swift in Sources */ = {isa = PBXBuildFile; fileRef = 027AC4E12A93106A008954E9 /* ViewController.swift */; };
		027AC4E52A93106A008954E9 /* Main.storyboard in Resources */ = {isa = PBXBuildFile; fileRef = 027AC4E32A93106A008954E9 /* Main.storyboard */; };
		027AC4E72A93106A008954E9 /* Assets.xcassets in Resources */ = {isa = PBXBuildFile; fileRef = 027AC4E62A93106A008954E9 /* Assets.xcassets */; };
		027AC4EA2A93106A008954E9 /* LaunchScreen.storyboard in Resources */ = {isa = PBXBuildFile; fileRef = 027AC4E82A93106A008954E9 /* LaunchScreen.storyboard */; };
		02A9CEA92A9358F100AF0629 /* NetworkClient.swift in Sources */ = {isa = PBXBuildFile; fileRef = 02A9CEA72A9358F100AF0629 /* NetworkClient.swift */; };
		02A9CEAA2A9358F100AF0629 /* FptAuthenticateRequest.swift in Sources */ = {isa = PBXBuildFile; fileRef = 02A9CEA82A9358F100AF0629 /* FptAuthenticateRequest.swift */; };
		02A9CEAD2A93591E00AF0629 /* AuthenHandler.swift in Sources */ = {isa = PBXBuildFile; fileRef = 02A9CEAC2A93591E00AF0629 /* AuthenHandler.swift */; };
		4F8DA45323AE584E6B8251B4 /* Pods_RogoCoreSample.framework in Frameworks */ = {isa = PBXBuildFile; fileRef = B91258BC9F1194AD402182D3 /* Pods_RogoCoreSample.framework */; };
/* End PBXBuildFile section */

/* Begin PBXFileReference section */
		027AC4DA2A93106A008954E9 /* RogoCoreSample.app */ = {isa = PBXFileReference; explicitFileType = wrapper.application; includeInIndex = 0; path = RogoCoreSample.app; sourceTree = BUILT_PRODUCTS_DIR; };
		027AC4DD2A93106A008954E9 /* AppDelegate.swift */ = {isa = PBXFileReference; lastKnownFileType = sourcecode.swift; path = AppDelegate.swift; sourceTree = "<group>"; };
		027AC4DF2A93106A008954E9 /* SceneDelegate.swift */ = {isa = PBXFileReference; lastKnownFileType = sourcecode.swift; path = SceneDelegate.swift; sourceTree = "<group>"; };
		027AC4E12A93106A008954E9 /* ViewController.swift */ = {isa = PBXFileReference; lastKnownFileType = sourcecode.swift; path = ViewController.swift; sourceTree = "<group>"; };
		027AC4E42A93106A008954E9 /* Base */ = {isa = PBXFileReference; lastKnownFileType = file.storyboard; name = Base; path = Base.lproj/Main.storyboard; sourceTree = "<group>"; };
		027AC4E62A93106A008954E9 /* Assets.xcassets */ = {isa = PBXFileReference; lastKnownFileType = folder.assetcatalog; path = Assets.xcassets; sourceTree = "<group>"; };
		027AC4E92A93106A008954E9 /* Base */ = {isa = PBXFileReference; lastKnownFileType = file.storyboard; name = Base; path = Base.lproj/LaunchScreen.storyboard; sourceTree = "<group>"; };
		027AC4EB2A93106A008954E9 /* Info.plist */ = {isa = PBXFileReference; lastKnownFileType = text.plist.xml; path = Info.plist; sourceTree = "<group>"; };
		02A9CEA72A9358F100AF0629 /* NetworkClient.swift */ = {isa = PBXFileReference; fileEncoding = 4; lastKnownFileType = sourcecode.swift; path = NetworkClient.swift; sourceTree = "<group>"; };
		02A9CEA82A9358F100AF0629 /* FptAuthenticateRequest.swift */ = {isa = PBXFileReference; fileEncoding = 4; lastKnownFileType = sourcecode.swift; path = FptAuthenticateRequest.swift; sourceTree = "<group>"; };
		02A9CEAC2A93591E00AF0629 /* AuthenHandler.swift */ = {isa = PBXFileReference; fileEncoding = 4; lastKnownFileType = sourcecode.swift; path = AuthenHandler.swift; sourceTree = "<group>"; };
		02D92A6FEC27916C2E89895F /* Pods-RogoCoreSample.release.xcconfig */ = {isa = PBXFileReference; includeInIndex = 1; lastKnownFileType = text.xcconfig; name = "Pods-RogoCoreSample.release.xcconfig"; path = "Target Support Files/Pods-RogoCoreSample/Pods-RogoCoreSample.release.xcconfig"; sourceTree = "<group>"; };
		2E0D347052F3F9B0C6CB54D6 /* Pods-RogoCoreSample.debug.xcconfig */ = {isa = PBXFileReference; includeInIndex = 1; lastKnownFileType = text.xcconfig; name = "Pods-RogoCoreSample.debug.xcconfig"; path = "Target Support Files/Pods-RogoCoreSample/Pods-RogoCoreSample.debug.xcconfig"; sourceTree = "<group>"; };
		B91258BC9F1194AD402182D3 /* Pods_RogoCoreSample.framework */ = {isa = PBXFileReference; explicitFileType = wrapper.framework; includeInIndex = 0; path = Pods_RogoCoreSample.framework; sourceTree = BUILT_PRODUCTS_DIR; };
/* End PBXFileReference section */

/* Begin PBXFrameworksBuildPhase section */
		027AC4D72A93106A008954E9 /* Frameworks */ = {
			isa = PBXFrameworksBuildPhase;
			buildActionMask = 2147483647;
			files = (
				4F8DA45323AE584E6B8251B4 /* Pods_RogoCoreSample.framework in Frameworks */,
			);
			runOnlyForDeploymentPostprocessing = 0;
		};
/* End PBXFrameworksBuildPhase section */

/* Begin PBXGroup section */
		027AC4D12A93106A008954E9 = {
			isa = PBXGroup;
			children = (
				027AC4DC2A93106A008954E9 /* RogoCoreSample */,
				027AC4DB2A93106A008954E9 /* Products */,
				E00DE66D208D1DCF5F56EF72 /* Pods */,
				45BA85B94370A03CEE50214C /* Frameworks */,
			);
			sourceTree = "<group>";
		};
		027AC4DB2A93106A008954E9 /* Products */ = {
			isa = PBXGroup;
			children = (
				027AC4DA2A93106A008954E9 /* RogoCoreSample.app */,
			);
			name = Products;
			sourceTree = "<group>";
		};
		027AC4DC2A93106A008954E9 /* RogoCoreSample */ = {
			isa = PBXGroup;
			children = (
				02A9CEAB2A93591E00AF0629 /* Authenticate */,
				02A9CEA62A9358F100AF0629 /* Network */,
				027AC4DD2A93106A008954E9 /* AppDelegate.swift */,
				027AC4DF2A93106A008954E9 /* SceneDelegate.swift */,
				027AC4E12A93106A008954E9 /* ViewController.swift */,
				027AC4E32A93106A008954E9 /* Main.storyboard */,
				027AC4E62A93106A008954E9 /* Assets.xcassets */,
				027AC4E82A93106A008954E9 /* LaunchScreen.storyboard */,
				027AC4EB2A93106A008954E9 /* Info.plist */,
			);
			path = RogoCoreSample;
			sourceTree = "<group>";
		};
		02A9CEA62A9358F100AF0629 /* Network */ = {
			isa = PBXGroup;
			children = (
				02A9CEA72A9358F100AF0629 /* NetworkClient.swift */,
				02A9CEA82A9358F100AF0629 /* FptAuthenticateRequest.swift */,
			);
			path = Network;
			sourceTree = "<group>";
		};
		02A9CEAB2A93591E00AF0629 /* Authenticate */ = {
			isa = PBXGroup;
			children = (
				02A9CEAC2A93591E00AF0629 /* AuthenHandler.swift */,
			);
			path = Authenticate;
			sourceTree = "<group>";
		};
		45BA85B94370A03CEE50214C /* Frameworks */ = {
			isa = PBXGroup;
			children = (
				B91258BC9F1194AD402182D3 /* Pods_RogoCoreSample.framework */,
			);
			name = Frameworks;
			sourceTree = "<group>";
		};
		E00DE66D208D1DCF5F56EF72 /* Pods */ = {
			isa = PBXGroup;
			children = (
				2E0D347052F3F9B0C6CB54D6 /* Pods-RogoCoreSample.debug.xcconfig */,
				02D92A6FEC27916C2E89895F /* Pods-RogoCoreSample.release.xcconfig */,
			);
			path = Pods;
			sourceTree = "<group>";
		};
/* End PBXGroup section */

/* Begin PBXNativeTarget section */
		027AC4D92A93106A008954E9 /* RogoCoreSample */ = {
			isa = PBXNativeTarget;
			buildConfigurationList = 027AC4EE2A93106A008954E9 /* Build configuration list for PBXNativeTarget "RogoCoreSample" */;
			buildPhases = (
				2BD26755C40391B8B23D6DC0 /* [CP] Check Pods Manifest.lock */,
				027AC4D62A93106A008954E9 /* Sources */,
				027AC4D72A93106A008954E9 /* Frameworks */,
				027AC4D82A93106A008954E9 /* Resources */,
				ECF4A7B0F03D4A3C26F240C0 /* [CP] Embed Pods Frameworks */,
			);
			buildRules = (
			);
			dependencies = (
			);
			name = RogoCoreSample;
			productName = RogoCoreSample;
			productReference = 027AC4DA2A93106A008954E9 /* RogoCoreSample.app */;
			productType = "com.apple.product-type.application";
		};
/* End PBXNativeTarget section */

/* Begin PBXProject section */
		027AC4D22A93106A008954E9 /* Project object */ = {
			isa = PBXProject;
			attributes = {
				BuildIndependentTargetsInParallel = 1;
				LastSwiftUpdateCheck = 1430;
				LastUpgradeCheck = 1430;
				TargetAttributes = {
					027AC4D92A93106A008954E9 = {
						CreatedOnToolsVersion = 14.3;
					};
				};
			};
			buildConfigurationList = 027AC4D52A93106A008954E9 /* Build configuration list for PBXProject "RogoCoreSample" */;
			compatibilityVersion = "Xcode 14.0";
			developmentRegion = en;
			hasScannedForEncodings = 0;
			knownRegions = (
				en,
				Base,
			);
			mainGroup = 027AC4D12A93106A008954E9;
			productRefGroup = 027AC4DB2A93106A008954E9 /* Products */;
			projectDirPath = "";
			projectRoot = "";
			targets = (
				027AC4D92A93106A008954E9 /* RogoCoreSample */,
			);
		};
/* End PBXProject section */

/* Begin PBXResourcesBuildPhase section */
		027AC4D82A93106A008954E9 /* Resources */ = {
			isa = PBXResourcesBuildPhase;
			buildActionMask = 2147483647;
			files = (
				027AC4EA2A93106A008954E9 /* LaunchScreen.storyboard in Resources */,
				027AC4E72A93106A008954E9 /* Assets.xcassets in Resources */,
				027AC4E52A93106A008954E9 /* Main.storyboard in Resources */,
			);
			runOnlyForDeploymentPostprocessing = 0;
		};
/* End PBXResourcesBuildPhase section */

/* Begin PBXShellScriptBuildPhase section */
		2BD26755C40391B8B23D6DC0 /* [CP] Check Pods Manifest.lock */ = {
			isa = PBXShellScriptBuildPhase;
			buildActionMask = 2147483647;
			files = (
			);
			inputFileListPaths = (
			);
			inputPaths = (
				"${PODS_PODFILE_DIR_PATH}/Podfile.lock",
				"${PODS_ROOT}/Manifest.lock",
			);
			name = "[CP] Check Pods Manifest.lock";
			outputFileListPaths = (
			);
			outputPaths = (
				"$(DERIVED_FILE_DIR)/Pods-RogoCoreSample-checkManifestLockResult.txt",
			);
			runOnlyForDeploymentPostprocessing = 0;
			shellPath = /bin/sh;
			shellScript = "diff \"${PODS_PODFILE_DIR_PATH}/Podfile.lock\" \"${PODS_ROOT}/Manifest.lock\" > /dev/null\nif [ $? != 0 ] ; then\n    # print error to STDERR\n    echo \"error: The sandbox is not in sync with the Podfile.lock. Run 'pod install' or update your CocoaPods installation.\" >&2\n    exit 1\nfi\n# This output is used by Xcode 'outputs' to avoid re-running this script phase.\necho \"SUCCESS\" > \"${SCRIPT_OUTPUT_FILE_0}\"\n";
			showEnvVarsInLog = 0;
		};
		ECF4A7B0F03D4A3C26F240C0 /* [CP] Embed Pods Frameworks */ = {
			isa = PBXShellScriptBuildPhase;
			buildActionMask = 2147483647;
			files = (
			);
			inputFileListPaths = (
				"${PODS_ROOT}/Target Support Files/Pods-RogoCoreSample/Pods-RogoCoreSample-frameworks-${CONFIGURATION}-input-files.xcfilelist",
			);
			name = "[CP] Embed Pods Frameworks";
			outputFileListPaths = (
				"${PODS_ROOT}/Target Support Files/Pods-RogoCoreSample/Pods-RogoCoreSample-frameworks-${CONFIGURATION}-output-files.xcfilelist",
			);
			runOnlyForDeploymentPostprocessing = 0;
			shellPath = /bin/sh;
			shellScript = "\"${PODS_ROOT}/Target Support Files/Pods-RogoCoreSample/Pods-RogoCoreSample-frameworks.sh\"\n";
			showEnvVarsInLog = 0;
		};
/* End PBXShellScriptBuildPhase section */

/* Begin PBXSourcesBuildPhase section */
		027AC4D62A93106A008954E9 /* Sources */ = {
			isa = PBXSourcesBuildPhase;
			buildActionMask = 2147483647;
			files = (
				02A9CEAA2A9358F100AF0629 /* FptAuthenticateRequest.swift in Sources */,
				027AC4E22A93106A008954E9 /* ViewController.swift in Sources */,
				027AC4DE2A93106A008954E9 /* AppDelegate.swift in Sources */,
				02A9CEAD2A93591E00AF0629 /* AuthenHandler.swift in Sources */,
				027AC4E02A93106A008954E9 /* SceneDelegate.swift in Sources */,
				02A9CEA92A9358F100AF0629 /* NetworkClient.swift in Sources */,
			);
			runOnlyForDeploymentPostprocessing = 0;
		};
/* End PBXSourcesBuildPhase section */

/* Begin PBXVariantGroup section */
		027AC4E32A93106A008954E9 /* Main.storyboard */ = {
			isa = PBXVariantGroup;
			children = (
				027AC4E42A93106A008954E9 /* Base */,
			);
			name = Main.storyboard;
			sourceTree = "<group>";
		};
		027AC4E82A93106A008954E9 /* LaunchScreen.storyboard */ = {
			isa = PBXVariantGroup;
			children = (
				027AC4E92A93106A008954E9 /* Base */,
			);
			name = LaunchScreen.storyboard;
			sourceTree = "<group>";
		};
/* End PBXVariantGroup section */

/* Begin XCBuildConfiguration section */
		027AC4EC2A93106A008954E9 /* Debug */ = {
			isa = XCBuildConfiguration;
			buildSettings = {
				ALWAYS_SEARCH_USER_PATHS = NO;
				CLANG_ANALYZER_NONNULL = YES;
				CLANG_ANALYZER_NUMBER_OBJECT_CONVERSION = YES_AGGRESSIVE;
				CLANG_CXX_LANGUAGE_STANDARD = "gnu++20";
				CLANG_ENABLE_MODULES = YES;
				CLANG_ENABLE_OBJC_ARC = YES;
				CLANG_ENABLE_OBJC_WEAK = YES;
				CLANG_WARN_BLOCK_CAPTURE_AUTORELEASING = YES;
				CLANG_WARN_BOOL_CONVERSION = YES;
				CLANG_WARN_COMMA = YES;
				CLANG_WARN_CONSTANT_CONVERSION = YES;
				CLANG_WARN_DEPRECATED_OBJC_IMPLEMENTATIONS = YES;
				CLANG_WARN_DIRECT_OBJC_ISA_USAGE = YES_ERROR;
				CLANG_WARN_DOCUMENTATION_COMMENTS = YES;
				CLANG_WARN_EMPTY_BODY = YES;
				CLANG_WARN_ENUM_CONVERSION = YES;
				CLANG_WARN_INFINITE_RECURSION = YES;
				CLANG_WARN_INT_CONVERSION = YES;
				CLANG_WARN_NON_LITERAL_NULL_CONVERSION = YES;
				CLANG_WARN_OBJC_IMPLICIT_RETAIN_SELF = YES;
				CLANG_WARN_OBJC_LITERAL_CONVERSION = YES;
				CLANG_WARN_OBJC_ROOT_CLASS = YES_ERROR;
				CLANG_WARN_QUOTED_INCLUDE_IN_FRAMEWORK_HEADER = YES;
				CLANG_WARN_RANGE_LOOP_ANALYSIS = YES;
				CLANG_WARN_STRICT_PROTOTYPES = YES;
				CLANG_WARN_SUSPICIOUS_MOVE = YES;
				CLANG_WARN_UNGUARDED_AVAILABILITY = YES_AGGRESSIVE;
				CLANG_WARN_UNREACHABLE_CODE = YES;
				CLANG_WARN__DUPLICATE_METHOD_MATCH = YES;
				COPY_PHASE_STRIP = NO;
				DEBUG_INFORMATION_FORMAT = dwarf;
				ENABLE_STRICT_OBJC_MSGSEND = YES;
				ENABLE_TESTABILITY = YES;
				GCC_C_LANGUAGE_STANDARD = gnu11;
				GCC_DYNAMIC_NO_PIC = NO;
				GCC_NO_COMMON_BLOCKS = YES;
				GCC_OPTIMIZATION_LEVEL = 0;
				GCC_PREPROCESSOR_DEFINITIONS = (
					"DEBUG=1",
					"$(inherited)",
				);
				GCC_WARN_64_TO_32_BIT_CONVERSION = YES;
				GCC_WARN_ABOUT_RETURN_TYPE = YES_ERROR;
				GCC_WARN_UNDECLARED_SELECTOR = YES;
				GCC_WARN_UNINITIALIZED_AUTOS = YES_AGGRESSIVE;
				GCC_WARN_UNUSED_FUNCTION = YES;
				GCC_WARN_UNUSED_VARIABLE = YES;
				IPHONEOS_DEPLOYMENT_TARGET = 16.4;
				MTL_ENABLE_DEBUG_INFO = INCLUDE_SOURCE;
				MTL_FAST_MATH = YES;
				ONLY_ACTIVE_ARCH = YES;
				SDKROOT = iphoneos;
				SWIFT_ACTIVE_COMPILATION_CONDITIONS = DEBUG;
				SWIFT_OPTIMIZATION_LEVEL = "-Onone";
			};
			name = Debug;
		};
		027AC4ED2A93106A008954E9 /* Release */ = {
			isa = XCBuildConfiguration;
			buildSettings = {
				ALWAYS_SEARCH_USER_PATHS = NO;
				CLANG_ANALYZER_NONNULL = YES;
				CLANG_ANALYZER_NUMBER_OBJECT_CONVERSION = YES_AGGRESSIVE;
				CLANG_CXX_LANGUAGE_STANDARD = "gnu++20";
				CLANG_ENABLE_MODULES = YES;
				CLANG_ENABLE_OBJC_ARC = YES;
				CLANG_ENABLE_OBJC_WEAK = YES;
				CLANG_WARN_BLOCK_CAPTURE_AUTORELEASING = YES;
				CLANG_WARN_BOOL_CONVERSION = YES;
				CLANG_WARN_COMMA = YES;
				CLANG_WARN_CONSTANT_CONVERSION = YES;
				CLANG_WARN_DEPRECATED_OBJC_IMPLEMENTATIONS = YES;
				CLANG_WARN_DIRECT_OBJC_ISA_USAGE = YES_ERROR;
				CLANG_WARN_DOCUMENTATION_COMMENTS = YES;
				CLANG_WARN_EMPTY_BODY = YES;
				CLANG_WARN_ENUM_CONVERSION = YES;
				CLANG_WARN_INFINITE_RECURSION = YES;
				CLANG_WARN_INT_CONVERSION = YES;
				CLANG_WARN_NON_LITERAL_NULL_CONVERSION = YES;
				CLANG_WARN_OBJC_IMPLICIT_RETAIN_SELF = YES;
				CLANG_WARN_OBJC_LITERAL_CONVERSION = YES;
				CLANG_WARN_OBJC_ROOT_CLASS = YES_ERROR;
				CLANG_WARN_QUOTED_INCLUDE_IN_FRAMEWORK_HEADER = YES;
				CLANG_WARN_RANGE_LOOP_ANALYSIS = YES;
				CLANG_WARN_STRICT_PROTOTYPES = YES;
				CLANG_WARN_SUSPICIOUS_MOVE = YES;
				CLANG_WARN_UNGUARDED_AVAILABILITY = YES_AGGRESSIVE;
				CLANG_WARN_UNREACHABLE_CODE = YES;
				CLANG_WARN__DUPLICATE_METHOD_MATCH = YES;
				COPY_PHASE_STRIP = NO;
				DEBUG_INFORMATION_FORMAT = "dwarf-with-dsym";
				ENABLE_NS_ASSERTIONS = NO;
				ENABLE_STRICT_OBJC_MSGSEND = YES;
				GCC_C_LANGUAGE_STANDARD = gnu11;
				GCC_NO_COMMON_BLOCKS = YES;
				GCC_WARN_64_TO_32_BIT_CONVERSION = YES;
				GCC_WARN_ABOUT_RETURN_TYPE = YES_ERROR;
				GCC_WARN_UNDECLARED_SELECTOR = YES;
				GCC_WARN_UNINITIALIZED_AUTOS = YES_AGGRESSIVE;
				GCC_WARN_UNUSED_FUNCTION = YES;
				GCC_WARN_UNUSED_VARIABLE = YES;
				IPHONEOS_DEPLOYMENT_TARGET = 16.4;
				MTL_ENABLE_DEBUG_INFO = NO;
				MTL_FAST_MATH = YES;
				SDKROOT = iphoneos;
				SWIFT_COMPILATION_MODE = wholemodule;
				SWIFT_OPTIMIZATION_LEVEL = "-O";
				VALIDATE_PRODUCT = YES;
			};
			name = Release;
		};
		027AC4EF2A93106A008954E9 /* Debug */ = {
			isa = XCBuildConfiguration;
			baseConfigurationReference = 2E0D347052F3F9B0C6CB54D6 /* Pods-RogoCoreSample.debug.xcconfig */;
			buildSettings = {
				ASSETCATALOG_COMPILER_APPICON_NAME = AppIcon;
				ASSETCATALOG_COMPILER_GLOBAL_ACCENT_COLOR_NAME = AccentColor;
				CODE_SIGN_STYLE = Automatic;
				CURRENT_PROJECT_VERSION = 1;
				DEVELOPMENT_TEAM = 3RT7MFK4BH;
				GENERATE_INFOPLIST_FILE = YES;
				INFOPLIST_FILE = RogoCoreSample/Info.plist;
				INFOPLIST_KEY_UIApplicationSupportsIndirectInputEvents = YES;
				INFOPLIST_KEY_UILaunchStoryboardName = LaunchScreen;
				INFOPLIST_KEY_UIMainStoryboardFile = Main;
				INFOPLIST_KEY_UISupportedInterfaceOrientations_iPad = "UIInterfaceOrientationPortrait UIInterfaceOrientationPortraitUpsideDown UIInterfaceOrientationLandscapeLeft UIInterfaceOrientationLandscapeRight";
				INFOPLIST_KEY_UISupportedInterfaceOrientations_iPhone = "UIInterfaceOrientationPortrait UIInterfaceOrientationLandscapeLeft UIInterfaceOrientationLandscapeRight";
				LD_RUNPATH_SEARCH_PATHS = (
					"$(inherited)",
					"@executable_path/Frameworks",
				);
				MARKETING_VERSION = 1.0;
				PRODUCT_BUNDLE_IDENTIFIER = RogoSolutions.RogoCoreSample;
				PRODUCT_NAME = "$(TARGET_NAME)";
				SWIFT_EMIT_LOC_STRINGS = YES;
				SWIFT_VERSION = 5.0;
				TARGETED_DEVICE_FAMILY = "1,2";
			};
			name = Debug;
		};
		027AC4F02A93106A008954E9 /* Release */ = {
			isa = XCBuildConfiguration;
			baseConfigurationReference = 02D92A6FEC27916C2E89895F /* Pods-RogoCoreSample.release.xcconfig */;
			buildSettings = {
				ASSETCATALOG_COMPILER_APPICON_NAME = AppIcon;
				ASSETCATALOG_COMPILER_GLOBAL_ACCENT_COLOR_NAME = AccentColor;
				CODE_SIGN_STYLE = Automatic;
				CURRENT_PROJECT_VERSION = 1;
				DEVELOPMENT_TEAM = 3RT7MFK4BH;
				GENERATE_INFOPLIST_FILE = YES;
				INFOPLIST_FILE = RogoCoreSample/Info.plist;
				INFOPLIST_KEY_UIApplicationSupportsIndirectInputEvents = YES;
				INFOPLIST_KEY_UILaunchStoryboardName = LaunchScreen;
				INFOPLIST_KEY_UIMainStoryboardFile = Main;
				INFOPLIST_KEY_UISupportedInterfaceOrientations_iPad = "UIInterfaceOrientationPortrait UIInterfaceOrientationPortraitUpsideDown UIInterfaceOrientationLandscapeLeft UIInterfaceOrientationLandscapeRight";
				INFOPLIST_KEY_UISupportedInterfaceOrientations_iPhone = "UIInterfaceOrientationPortrait UIInterfaceOrientationLandscapeLeft UIInterfaceOrientationLandscapeRight";
				LD_RUNPATH_SEARCH_PATHS = (
					"$(inherited)",
					"@executable_path/Frameworks",
				);
				MARKETING_VERSION = 1.0;
				PRODUCT_BUNDLE_IDENTIFIER = RogoSolutions.RogoCoreSample;
				PRODUCT_NAME = "$(TARGET_NAME)";
				SWIFT_EMIT_LOC_STRINGS = YES;
				SWIFT_VERSION = 5.0;
				TARGETED_DEVICE_FAMILY = "1,2";
			};
			name = Release;
		};
/* End XCBuildConfiguration section */

/* Begin XCConfigurationList section */
		027AC4D52A93106A008954E9 /* Build configuration list for PBXProject "RogoCoreSample" */ = {
			isa = XCConfigurationList;
			buildConfigurations = (
				027AC4EC2A93106A008954E9 /* Debug */,
				027AC4ED2A93106A008954E9 /* Release */,
			);
			defaultConfigurationIsVisible = 0;
			defaultConfigurationName = Release;
		};
		027AC4EE2A93106A008954E9 /* Build configuration list for PBXNativeTarget "RogoCoreSample" */ = {
			isa = XCConfigurationList;
			buildConfigurations = (
				027AC4EF2A93106A008954E9 /* Debug */,
				027AC4F02A93106A008954E9 /* Release */,
			);
			defaultConfigurationIsVisible = 0;
			defaultConfigurationName = Release;
		};
/* End XCConfigurationList section */
	};
	rootObject = 027AC4D22A93106A008954E9 /* Project object */;
}
