PODS:
  - CocoaMQTT (2.0.9):
    - CocoaMQTT/Core (= 2.0.9)
  - CocoaMQTT/Core (2.0.9):
    - MqttCocoaAsyncSocket (~> 1.0.8)
  - CryptoSwift (1.5.1)
  - MqttCocoaAsyncSocket (1.0.8)
  - nRFMeshProvision (3.2.0):
    - CryptoSwift (= 1.5.1)
  - RogoCore (1.0.2):
    - CocoaMQTT (~> 2.0.7)
    - nRFMeshProvision (~> 3.2.0)

DEPENDENCIES:
  - RogoCore

SPEC REPOS:
  trunk:
    - CocoaMQTT
    - CryptoSwift
    - MqttCocoaAsyncSocket
    - nRFMeshProvision
    - RogoCore

SPEC CHECKSUMS:
  CocoaMQTT: 76904ac6102297972e1a42343dd77a6da3862a69
  CryptoSwift: c4f2debceb38bf44c80659afe009f71e23e4a082
  MqttCocoaAsyncSocket: 77d3b74f76228dd5a05d1f9526eab101d415b30c
  nRFMeshProvision: 297bbda9dc44138c1b63b1ac5e4c860f0398e176
  RogoCore: bfe90ec7dad642e4a5dd91ede7407462018544c1

PODFILE CHECKSUM: 75ce38833fa3fab0d45ff0974a244ad8038e7a24

COCOAPODS: 1.12.1
